
Microsoft Visual Studio Solution File, Format Version 12.00
# Blend for Visual Studio Version 17
VisualStudioVersion = 17.6.33723.286
MinimumVisualStudioVersion = 10.0.40219.1
Project("{FAE04EC0-301F-11D3-BF4B-00C04F79EFBC}") = "ProximalMenuPrototype", "ProximalMenuPrototype\ProximalMenuPrototype.csproj", "{21EC4849-6768-4126-9E98-59E5489AD56E}"
EndProject
Global
	GlobalSection(SolutionConfigurationPlatforms) = preSolution
		Debug|ARM = Debug|ARM
		Debug|ARM64 = Debug|ARM64
		Debug|x64 = Debug|x64
		Debug|x86 = Debug|x86
		Release|ARM = Release|ARM
		Release|ARM64 = Release|ARM64
		Release|x64 = Release|x64
		Release|x86 = Release|x86
	EndGlobalSection
	GlobalSection(ProjectConfigurationPlatforms) = postSolution
		{21EC4849-6768-4126-9E98-59E5489AD56E}.Debug|ARM.ActiveCfg = Debug|ARM
		{21EC4849-6768-4126-9E98-59E5489AD56E}.Debug|ARM.Build.0 = Debug|ARM
		{21EC4849-6768-4126-9E98-59E5489AD56E}.Debug|ARM.Deploy.0 = Debug|ARM
		{21EC4849-6768-4126-9E98-59E5489AD56E}.Debug|ARM64.ActiveCfg = Debug|ARM64
		{21EC4849-6768-4126-9E98-59E5489AD56E}.Debug|ARM64.Build.0 = Debug|ARM64
		{21EC4849-6768-4126-9E98-59E5489AD56E}.Debug|ARM64.Deploy.0 = Debug|ARM64
		{21EC4849-6768-4126-9E98-59E5489AD56E}.Debug|x64.ActiveCfg = Debug|x64
		{21EC4849-6768-4126-9E98-59E5489AD56E}.Debug|x64.Build.0 = Debug|x64
		{21EC4849-6768-4126-9E98-59E5489AD56E}.Debug|x64.Deploy.0 = Debug|x64
		{21EC4849-6768-4126-9E98-59E5489AD56E}.Debug|x86.ActiveCfg = Debug|x86
		{21EC4849-6768-4126-9E98-59E5489AD56E}.Debug|x86.Build.0 = Debug|x86
		{21EC4849-6768-4126-9E98-59E5489AD56E}.Debug|x86.Deploy.0 = Debug|x86
		{21EC4849-6768-4126-9E98-59E5489AD56E}.Release|ARM.ActiveCfg = Release|ARM
		{21EC4849-6768-4126-9E98-59E5489AD56E}.Release|ARM.Build.0 = Release|ARM
		{21EC4849-6768-4126-9E98-59E5489AD56E}.Release|ARM.Deploy.0 = Release|ARM
		{21EC4849-6768-4126-9E98-59E5489AD56E}.Release|ARM64.ActiveCfg = Release|ARM64
		{21EC4849-6768-4126-9E98-59E5489AD56E}.Release|ARM64.Build.0 = Release|ARM64
		{21EC4849-6768-4126-9E98-59E5489AD56E}.Release|ARM64.Deploy.0 = Release|ARM64
		{21EC4849-6768-4126-9E98-59E5489AD56E}.Release|x64.ActiveCfg = Release|x64
		{21EC4849-6768-4126-9E98-59E5489AD56E}.Release|x64.Build.0 = Release|x64
		{21EC4849-6768-4126-9E98-59E5489AD56E}.Release|x64.Deploy.0 = Release|x64
		{21EC4849-6768-4126-9E98-59E5489AD56E}.Release|x86.ActiveCfg = Release|x86
		{21EC4849-6768-4126-9E98-59E5489AD56E}.Release|x86.Build.0 = Release|x86
		{21EC4849-6768-4126-9E98-59E5489AD56E}.Release|x86.Deploy.0 = Release|x86
	EndGlobalSection
	GlobalSection(SolutionProperties) = preSolution
		HideSolutionNode = FALSE
	EndGlobalSection
	GlobalSection(ExtensibilityGlobals) = postSolution
		SolutionGuid = {5FE2E803-03E3-4448-8996-70A2ADE6AE0B}
	EndGlobalSection
EndGlobal
